
Microsoft Visual Studio Solution File, Format Version 12.00
# Visual Studio Version 17
VisualStudioVersion = 17.4.33205.214
MinimumVisualStudioVersion = 10.0.40219.1
Project("{FAE04EC0-301F-11D3-BF4B-00C04F79EFBC}") = "LineComparisonProblem", "LineComparisonProblem\LineComparisonProblem.csproj", "{D8B1BB43-06AF-4DAA-A48E-2CC39A6CA8B5}"
EndProject
Global
	GlobalSection(SolutionConfigurationPlatforms) = preSolution
		Debug|Any CPU = Debug|Any CPU
		Release|Any CPU = Release|Any CPU
	EndGlobalSection
	GlobalSection(ProjectConfigurationPlatforms) = postSolution
		{D8B1BB43-06AF-4DAA-A48E-2CC39A6CA8B5}.Debug|Any CPU.ActiveCfg = Debug|Any CPU
		{D8B1BB43-06AF-4DAA-A48E-2CC39A6CA8B5}.Debug|Any CPU.Build.0 = Debug|Any CPU
		{D8B1BB43-06AF-4DAA-A48E-2CC39A6CA8B5}.Release|Any CPU.ActiveCfg = Release|Any CPU
		{D8B1BB43-06AF-4DAA-A48E-2CC39A6CA8B5}.Release|Any CPU.Build.0 = Release|Any CPU
	EndGlobalSection
	GlobalSection(SolutionProperties) = preSolution
		HideSolutionNode = FALSE
	EndGlobalSection
	GlobalSection(ExtensibilityGlobals) = postSolution
		SolutionGuid = {34CE6A59-22E9-4E45-A142-B0391416F12F}
	EndGlobalSection
EndGlobal
